<?xml version="1.0" encoding="utf-8"?>
<Project ToolsVersion="4.0" xmlns="http://schemas.microsoft.com/developer/msbuild/2003">
  <ItemGroup>
    <Filter Include="Source Files">
      <UniqueIdentifier>{4FC737F1-C7A5-4376-A066-2A32D752A2FF}</UniqueIdentifier>
      <Extensions>cpp;c;cc;cxx;def;odl;idl;hpj;bat;asm;asmx</Extensions>
    </Filter>
    <Filter Include="Header Files">
      <UniqueIdentifier>{93995380-89BD-4b04-88EB-625FBE52EBFB}</UniqueIdentifier>
      <Extensions>h;hh;hpp;hxx;hm;inl;inc;xsd</Extensions>
    </Filter>
    <Filter Include="Resource Files">
      <UniqueIdentifier>{67DA6AB6-F800-4c08-8B7A-83BB121AAD01}</UniqueIdentifier>
      <Extensions>rc;ico;cur;bmp;dlg;rc2;rct;bin;rgs;gif;jpg;jpeg;jpe;resx;tiff;tif;png;wav;mfcribbon-ms</Extensions>
    </Filter>
    <Filter Include="Header Files\vulkan">
      <UniqueIdentifier>{07b3a1a2-a07e-4dd6-93db-b726f12be761}</UniqueIdentifier>
    </Filter>
    <Filter Include="Source Files\vulkan">
      <UniqueIdentifier>{24651808-0246-451a-a7ea-9269a0eabc25}</UniqueIdentifier>
    </Filter>
    <Filter Include="Header Files\glfw">
      <UniqueIdentifier>{487b92bc-f5dd-4211-beae-57558aecb634}</UniqueIdentifier>
    </Filter>
    <Filter Include="Source Files\glfw">
      <UniqueIdentifier>{43e4d180-4854-4de7-8d25-0b458be755b4}</UniqueIdentifier>
    </Filter>
  </ItemGroup>
  <ItemGroup>
    <ClCompile Include="program.cpp">
      <Filter>Source Files</Filter>
    </ClCompile>
    <ClCompile Include="core\VulkanInstance.cpp">
      <Filter>Source Files\vulkan</Filter>
    </ClCompile>
    <ClCompile Include="core\VulkanApplication.cpp">
      <Filter>Source Files\vulkan</Filter>
    </ClCompile>
    <ClCompile Include="core\VulkanDebugger.cpp">
      <Filter>Source Files\vulkan</Filter>
    </ClCompile>
    <ClCompile Include="core\VulkanPhysicalDevice.cpp">
      <Filter>Source Files\vulkan</Filter>
    </ClCompile>
    <ClCompile Include="core\VulkanLogicalDevice.cpp">
      <Filter>Source Files\vulkan</Filter>
    </ClCompile>
    <ClCompile Include="core\VulkanDeviceFeatures.cpp">
      <Filter>Source Files\vulkan</Filter>
    </ClCompile>
    <ClCompile Include="core\VulkanDeviceQueueFamily.cpp">
      <Filter>Source Files\vulkan</Filter>
    </ClCompile>
    <ClCompile Include="core\VulkanSurface.cpp">
      <Filter>Source Files\vulkan</Filter>
    </ClCompile>
    <ClCompile Include="glfw\GlfwEngine.cpp">
      <Filter>Source Files\glfw</Filter>
    </ClCompile>
    <ClCompile Include="core\VulkanSwapchain.cpp">
      <Filter>Source Files\vulkan</Filter>
    </ClCompile>
  </ItemGroup>
  <ItemGroup>
    <ClInclude Include="core\VulkanInstance.h">
      <Filter>Header Files\vulkan</Filter>
    </ClInclude>
    <ClInclude Include="core\VulkanApplication.h">
      <Filter>Header Files\vulkan</Filter>
    </ClInclude>
    <ClInclude Include="fluent-vulkan.h">
      <Filter>Header Files</Filter>
    </ClInclude>
    <ClInclude Include="core\VulkanDebugger.h">
      <Filter>Header Files\vulkan</Filter>
    </ClInclude>
    <ClInclude Include="core\VulkanPhysicalDevice.h">
      <Filter>Header Files\vulkan</Filter>
    </ClInclude>
    <ClInclude Include="core\VulkanTypeDefs.h">
      <Filter>Header Files\vulkan</Filter>
    </ClInclude>
    <ClInclude Include="core\VulkanLogicalDevice.h">
      <Filter>Header Files\vulkan</Filter>
    </ClInclude>
    <ClInclude Include="core\VulkanDeviceFeatures.h">
      <Filter>Header Files\vulkan</Filter>
    </ClInclude>
    <ClInclude Include="core\VulkanDeviceQueueFamily.h">
      <Filter>Header Files\vulkan</Filter>
    </ClInclude>
    <ClInclude Include="core\VulkanSurface.h">
      <Filter>Header Files\vulkan</Filter>
    </ClInclude>
    <ClInclude Include="glfw\GlfwEngine.h">
      <Filter>Header Files\glfw</Filter>
    </ClInclude>
    <ClInclude Include="core\VulkanSwapchain.h">
      <Filter>Header Files\vulkan</Filter>
    </ClInclude>
  </ItemGroup>
</Project>